{
  "nodes": {
    "disko": {
      "inputs": {
        "nixpkgs": [
          "nixos-lima",
          "nixpkgs"
        ]
      },
      "locked": {
        "lastModified": 1731060864,
        "narHash": "sha256-aYE7oAYZ+gPU1mPNhM0JwLAQNgjf0/JK1BF1ln2KBgk=",
        "owner": "nix-community",
        "repo": "disko",
        "rev": "5e40e02978e3bd63c2a6a9fa6fa8ba0e310e747f",
        "type": "github"
      },
      "original": {
        "owner": "nix-community",
        "repo": "disko",
        "type": "github"
      }
    },
    "nixos-lima": {
      "inputs": {
        "disko": "disko",
        "nixpkgs": [
          "nixpkgs"
        ]
      },
      "locked": {
        "lastModified": 1731885930,
        "narHash": "sha256-6OTfA4hegcQ3JAGXIOKSRbHVZk3blgEmzlxbmoEeJvA=",
        "owner": "ciderale",
        "repo": "nixos-lima",
        "rev": "5c4d65ab6261fec71adcba385c135c844c7b449d",
        "type": "github"
      },
      "original": {
        "owner": "ciderale",
        "repo": "nixos-lima",
        "type": "github"
      }
    },
    "nixpkgs": {
      "locked": {
        "lastModified": 1731346085,
        "narHash": "sha256-JWC3hvUZGsJGisC9d3d40wQalUkSsbaOgAJIOlHn6Qs=",
        "owner": "nixos",
        "repo": "nixpkgs",
        "rev": "3a7266fcefcb9ce353df49ba3f292d06443760bb",
        "type": "github"
      },
      "original": {
        "owner": "nixos",
        "ref": "nixos-unstable-small",
        "repo": "nixpkgs",
        "type": "github"
      }
    },
    "root": {
      "inputs": {
        "nixos-lima": "nixos-lima",
        "nixpkgs": "nixpkgs"
      }
    }
  },
  "root": "root",
  "version": 7
}
