{
  "nodes": {
    "disko": {
      "inputs": {
        "nixpkgs": [
          "nixpkgs"
        ]
      },
      "locked": {
        "lastModified": 1731060864,
        "narHash": "sha256-aYE7oAYZ+gPU1mPNhM0JwLAQNgjf0/JK1BF1ln2KBgk=",
        "owner": "nix-community",
        "repo": "disko",
        "rev": "5e40e02978e3bd63c2a6a9fa6fa8ba0e310e747f",
        "type": "github"
      },
      "original": {
        "owner": "nix-community",
        "repo": "disko",
        "type": "github"
      }
    },
    "nixpkgs": {
      "locked": {
        "lastModified": 1731875774,
        "narHash": "sha256-HIl3lTqMVu/RXx9Gav46qai6+OV9Gu3cQFbvZSOvjJI=",
        "owner": "nixos",
        "repo": "nixpkgs",
        "rev": "6c33d760f16f52ffc0dd8538b9239808d96ec699",
        "type": "github"
      },
      "original": {
        "owner": "nixos",
        "ref": "nixos-unstable-small",
        "repo": "nixpkgs",
        "type": "github"
      }
    },
    "root": {
      "inputs": {
        "disko": "disko",
        "nixpkgs": "nixpkgs"
      }
    }
  },
  "root": "root",
  "version": 7
}
